{
  "requires": true,
  "lockfileVersion": 1,
  "dependencies": {
    "qr-scanner": {
      "version": "1.1.1",
      "resolved": "https://registry.npmjs.org/qr-scanner/-/qr-scanner-1.1.1.tgz",
      "integrity": "sha512-vZmtaIpxx4rqnrg4iX62pQJ12bcIpfTEe/hL4Pr5PwQ/fih8W+ErfAZVFnnrdipeDC6L+5BfzMIqs/s6SYi4WA=="
    }
  }
}
